// !$*UTF8*$!
{
	archiveVersion = 1;
	classes = {
	};
	objectVersion = 55;
	objects = {

/* Begin PBXBuildFile section */
		331FA1FB27F5D86E0020F874 /* InputFieldViewController.swift in Sources */ = {isa = PBXBuildFile; fileRef = 331FA1FA27F5D86E0020F874 /* InputFieldViewController.swift */; };
		337AA39827CD044100045F2C /* AppDelegate.swift in Sources */ = {isa = PBXBuildFile; fileRef = 337AA39727CD044100045F2C /* AppDelegate.swift */; };
		337AA39A27CD044100045F2C /* SceneDelegate.swift in Sources */ = {isa = PBXBuildFile; fileRef = 337AA39927CD044100045F2C /* SceneDelegate.swift */; };
		337AA39C27CD044100045F2C /* ViewController.swift in Sources */ = {isa = PBXBuildFile; fileRef = 337AA39B27CD044100045F2C /* ViewController.swift */; };
		337AA39F27CD044100045F2C /* Main.storyboard in Resources */ = {isa = PBXBuildFile; fileRef = 337AA39D27CD044100045F2C /* Main.storyboard */; };
		337AA3A127CD044200045F2C /* Assets.xcassets in Resources */ = {isa = PBXBuildFile; fileRef = 337AA3A027CD044200045F2C /* Assets.xcassets */; };
		337AA3A427CD044200045F2C /* LaunchScreen.storyboard in Resources */ = {isa = PBXBuildFile; fileRef = 337AA3A227CD044200045F2C /* LaunchScreen.storyboard */; };
		337AA3B327CD046800045F2C /* BaseComponent.framework in Frameworks */ = {isa = PBXBuildFile; fileRef = 337AA3B227CD046800045F2C /* BaseComponent.framework */; };
		337AA3B427CD046800045F2C /* BaseComponent.framework in Embed Frameworks */ = {isa = PBXBuildFile; fileRef = 337AA3B227CD046800045F2C /* BaseComponent.framework */; settings = {ATTRIBUTES = (CodeSignOnCopy, RemoveHeadersOnCopy, ); }; };
		337AA3DE27CD078300045F2C /* ButtonViewController.swift in Sources */ = {isa = PBXBuildFile; fileRef = 337AA3DD27CD078300045F2C /* ButtonViewController.swift */; };
		337C471F27D6469D008FAF6A /* SegmentViewController.swift in Sources */ = {isa = PBXBuildFile; fileRef = 337C471E27D6469D008FAF6A /* SegmentViewController.swift */; };
/* End PBXBuildFile section */

/* Begin PBXCopyFilesBuildPhase section */
		337AA3B527CD046800045F2C /* Embed Frameworks */ = {
			isa = PBXCopyFilesBuildPhase;
			buildActionMask = 2147483647;
			dstPath = "";
			dstSubfolderSpec = 10;
			files = (
				337AA3B427CD046800045F2C /* BaseComponent.framework in Embed Frameworks */,
			);
			name = "Embed Frameworks";
			runOnlyForDeploymentPostprocessing = 0;
		};
/* End PBXCopyFilesBuildPhase section */

/* Begin PBXFileReference section */
		331FA1FA27F5D86E0020F874 /* InputFieldViewController.swift */ = {isa = PBXFileReference; lastKnownFileType = sourcecode.swift; path = InputFieldViewController.swift; sourceTree = "<group>"; };
		337AA39427CD044100045F2C /* DemoComponent.app */ = {isa = PBXFileReference; explicitFileType = wrapper.application; includeInIndex = 0; path = DemoComponent.app; sourceTree = BUILT_PRODUCTS_DIR; };
		337AA39727CD044100045F2C /* AppDelegate.swift */ = {isa = PBXFileReference; lastKnownFileType = sourcecode.swift; path = AppDelegate.swift; sourceTree = "<group>"; };
		337AA39927CD044100045F2C /* SceneDelegate.swift */ = {isa = PBXFileReference; lastKnownFileType = sourcecode.swift; path = SceneDelegate.swift; sourceTree = "<group>"; };
		337AA39B27CD044100045F2C /* ViewController.swift */ = {isa = PBXFileReference; lastKnownFileType = sourcecode.swift; path = ViewController.swift; sourceTree = "<group>"; };
		337AA39E27CD044100045F2C /* Base */ = {isa = PBXFileReference; lastKnownFileType = file.storyboard; name = Base; path = Base.lproj/Main.storyboard; sourceTree = "<group>"; };
		337AA3A027CD044200045F2C /* Assets.xcassets */ = {isa = PBXFileReference; lastKnownFileType = folder.assetcatalog; path = Assets.xcassets; sourceTree = "<group>"; };
		337AA3A327CD044200045F2C /* Base */ = {isa = PBXFileReference; lastKnownFileType = file.storyboard; name = Base; path = Base.lproj/LaunchScreen.storyboard; sourceTree = "<group>"; };
		337AA3A527CD044200045F2C /* Info.plist */ = {isa = PBXFileReference; lastKnownFileType = text.plist.xml; path = Info.plist; sourceTree = "<group>"; };
		337AA3B227CD046800045F2C /* BaseComponent.framework */ = {isa = PBXFileReference; explicitFileType = wrapper.framework; path = BaseComponent.framework; sourceTree = BUILT_PRODUCTS_DIR; };
		337AA3DD27CD078300045F2C /* ButtonViewController.swift */ = {isa = PBXFileReference; fileEncoding = 4; lastKnownFileType = sourcecode.swift; path = ButtonViewController.swift; sourceTree = "<group>"; };
		337C471E27D6469D008FAF6A /* SegmentViewController.swift */ = {isa = PBXFileReference; lastKnownFileType = sourcecode.swift; path = SegmentViewController.swift; sourceTree = "<group>"; };
/* End PBXFileReference section */

/* Begin PBXFrameworksBuildPhase section */
		337AA39127CD044100045F2C /* Frameworks */ = {
			isa = PBXFrameworksBuildPhase;
			buildActionMask = 2147483647;
			files = (
				337AA3B327CD046800045F2C /* BaseComponent.framework in Frameworks */,
			);
			runOnlyForDeploymentPostprocessing = 0;
		};
/* End PBXFrameworksBuildPhase section */

/* Begin PBXGroup section */
		337AA38B27CD044100045F2C = {
			isa = PBXGroup;
			children = (
				337AA39627CD044100045F2C /* DemoComponent */,
				337AA39527CD044100045F2C /* Products */,
				337AA3B127CD046800045F2C /* Frameworks */,
			);
			sourceTree = "<group>";
		};
		337AA39527CD044100045F2C /* Products */ = {
			isa = PBXGroup;
			children = (
				337AA39427CD044100045F2C /* DemoComponent.app */,
			);
			name = Products;
			sourceTree = "<group>";
		};
		337AA39627CD044100045F2C /* DemoComponent */ = {
			isa = PBXGroup;
			children = (
				337AA39727CD044100045F2C /* AppDelegate.swift */,
				337AA3A027CD044200045F2C /* Assets.xcassets */,
				337AA3DD27CD078300045F2C /* ButtonViewController.swift */,
				337AA3A527CD044200045F2C /* Info.plist */,
				331FA1FA27F5D86E0020F874 /* InputFieldViewController.swift */,
				337AA3A227CD044200045F2C /* LaunchScreen.storyboard */,
				337AA39D27CD044100045F2C /* Main.storyboard */,
				337AA39927CD044100045F2C /* SceneDelegate.swift */,
				337C471E27D6469D008FAF6A /* SegmentViewController.swift */,
				337AA39B27CD044100045F2C /* ViewController.swift */,
			);
			path = DemoComponent;
			sourceTree = "<group>";
		};
		337AA3B127CD046800045F2C /* Frameworks */ = {
			isa = PBXGroup;
			children = (
				337AA3B227CD046800045F2C /* BaseComponent.framework */,
			);
			name = Frameworks;
			sourceTree = "<group>";
		};
/* End PBXGroup section */

/* Begin PBXNativeTarget section */
		337AA39327CD044100045F2C /* DemoComponent */ = {
			isa = PBXNativeTarget;
			buildConfigurationList = 337AA3A827CD044200045F2C /* Build configuration list for PBXNativeTarget "DemoComponent" */;
			buildPhases = (
				337AA39027CD044100045F2C /* Sources */,
				337AA39127CD044100045F2C /* Frameworks */,
				337AA39227CD044100045F2C /* Resources */,
				337AA3B527CD046800045F2C /* Embed Frameworks */,
			);
			buildRules = (
			);
			dependencies = (
			);
			name = DemoComponent;
			productName = DemoComponent;
			productReference = 337AA39427CD044100045F2C /* DemoComponent.app */;
			productType = "com.apple.product-type.application";
		};
/* End PBXNativeTarget section */

/* Begin PBXProject section */
		337AA38C27CD044100045F2C /* Project object */ = {
			isa = PBXProject;
			attributes = {
				BuildIndependentTargetsInParallel = 1;
				LastSwiftUpdateCheck = 1300;
				LastUpgradeCheck = 1300;
				TargetAttributes = {
					337AA39327CD044100045F2C = {
						CreatedOnToolsVersion = 13.0;
					};
				};
			};
			buildConfigurationList = 337AA38F27CD044100045F2C /* Build configuration list for PBXProject "DemoComponent" */;
			compatibilityVersion = "Xcode 13.0";
			developmentRegion = en;
			hasScannedForEncodings = 0;
			knownRegions = (
				en,
				Base,
			);
			mainGroup = 337AA38B27CD044100045F2C;
			productRefGroup = 337AA39527CD044100045F2C /* Products */;
			projectDirPath = "";
			projectRoot = "";
			targets = (
				337AA39327CD044100045F2C /* DemoComponent */,
			);
		};
/* End PBXProject section */

/* Begin PBXResourcesBuildPhase section */
		337AA39227CD044100045F2C /* Resources */ = {
			isa = PBXResourcesBuildPhase;
			buildActionMask = 2147483647;
			files = (
				337AA3A427CD044200045F2C /* LaunchScreen.storyboard in Resources */,
				337AA3A127CD044200045F2C /* Assets.xcassets in Resources */,
				337AA39F27CD044100045F2C /* Main.storyboard in Resources */,
			);
			runOnlyForDeploymentPostprocessing = 0;
		};
/* End PBXResourcesBuildPhase section */

/* Begin PBXSourcesBuildPhase section */
		337AA39027CD044100045F2C /* Sources */ = {
			isa = PBXSourcesBuildPhase;
			buildActionMask = 2147483647;
			files = (
				337AA3DE27CD078300045F2C /* ButtonViewController.swift in Sources */,
				337AA39C27CD044100045F2C /* ViewController.swift in Sources */,
				337C471F27D6469D008FAF6A /* SegmentViewController.swift in Sources */,
				337AA39827CD044100045F2C /* AppDelegate.swift in Sources */,
				337AA39A27CD044100045F2C /* SceneDelegate.swift in Sources */,
				331FA1FB27F5D86E0020F874 /* InputFieldViewController.swift in Sources */,
			);
			runOnlyForDeploymentPostprocessing = 0;
		};
/* End PBXSourcesBuildPhase section */

/* Begin PBXVariantGroup section */
		337AA39D27CD044100045F2C /* Main.storyboard */ = {
			isa = PBXVariantGroup;
			children = (
				337AA39E27CD044100045F2C /* Base */,
			);
			name = Main.storyboard;
			sourceTree = "<group>";
		};
		337AA3A227CD044200045F2C /* LaunchScreen.storyboard */ = {
			isa = PBXVariantGroup;
			children = (
				337AA3A327CD044200045F2C /* Base */,
			);
			name = LaunchScreen.storyboard;
			sourceTree = "<group>";
		};
/* End PBXVariantGroup section */

/* Begin XCBuildConfiguration section */
		337AA3A627CD044200045F2C /* Debug */ = {
			isa = XCBuildConfiguration;
			buildSettings = {
				ALWAYS_SEARCH_USER_PATHS = NO;
				CLANG_ANALYZER_NONNULL = YES;
				CLANG_ANALYZER_NUMBER_OBJECT_CONVERSION = YES_AGGRESSIVE;
				CLANG_CXX_LANGUAGE_STANDARD = "gnu++17";
				CLANG_CXX_LIBRARY = "libc++";
				CLANG_ENABLE_MODULES = YES;
				CLANG_ENABLE_OBJC_ARC = YES;
				CLANG_ENABLE_OBJC_WEAK = YES;
				CLANG_WARN_BLOCK_CAPTURE_AUTORELEASING = YES;
				CLANG_WARN_BOOL_CONVERSION = YES;
				CLANG_WARN_COMMA = YES;
				CLANG_WARN_CONSTANT_CONVERSION = YES;
				CLANG_WARN_DEPRECATED_OBJC_IMPLEMENTATIONS = YES;
				CLANG_WARN_DIRECT_OBJC_ISA_USAGE = YES_ERROR;
				CLANG_WARN_DOCUMENTATION_COMMENTS = YES;
				CLANG_WARN_EMPTY_BODY = YES;
				CLANG_WARN_ENUM_CONVERSION = YES;
				CLANG_WARN_INFINITE_RECURSION = YES;
				CLANG_WARN_INT_CONVERSION = YES;
				CLANG_WARN_NON_LITERAL_NULL_CONVERSION = YES;
				CLANG_WARN_OBJC_IMPLICIT_RETAIN_SELF = YES;
				CLANG_WARN_OBJC_LITERAL_CONVERSION = YES;
				CLANG_WARN_OBJC_ROOT_CLASS = YES_ERROR;
				CLANG_WARN_QUOTED_INCLUDE_IN_FRAMEWORK_HEADER = YES;
				CLANG_WARN_RANGE_LOOP_ANALYSIS = YES;
				CLANG_WARN_STRICT_PROTOTYPES = YES;
				CLANG_WARN_SUSPICIOUS_MOVE = YES;
				CLANG_WARN_UNGUARDED_AVAILABILITY = YES_AGGRESSIVE;
				CLANG_WARN_UNREACHABLE_CODE = YES;
				CLANG_WARN__DUPLICATE_METHOD_MATCH = YES;
				COPY_PHASE_STRIP = NO;
				DEBUG_INFORMATION_FORMAT = dwarf;
				ENABLE_STRICT_OBJC_MSGSEND = YES;
				ENABLE_TESTABILITY = YES;
				GCC_C_LANGUAGE_STANDARD = gnu11;
				GCC_DYNAMIC_NO_PIC = NO;
				GCC_NO_COMMON_BLOCKS = YES;
				GCC_OPTIMIZATION_LEVEL = 0;
				GCC_PREPROCESSOR_DEFINITIONS = (
					"DEBUG=1",
					"$(inherited)",
				);
				GCC_WARN_64_TO_32_BIT_CONVERSION = YES;
				GCC_WARN_ABOUT_RETURN_TYPE = YES_ERROR;
				GCC_WARN_UNDECLARED_SELECTOR = YES;
				GCC_WARN_UNINITIALIZED_AUTOS = YES_AGGRESSIVE;
				GCC_WARN_UNUSED_FUNCTION = YES;
				GCC_WARN_UNUSED_VARIABLE = YES;
				IPHONEOS_DEPLOYMENT_TARGET = 15.0;
				MTL_ENABLE_DEBUG_INFO = INCLUDE_SOURCE;
				MTL_FAST_MATH = YES;
				ONLY_ACTIVE_ARCH = YES;
				SDKROOT = iphoneos;
				SWIFT_ACTIVE_COMPILATION_CONDITIONS = DEBUG;
				SWIFT_OPTIMIZATION_LEVEL = "-Onone";
			};
			name = Debug;
		};
		337AA3A727CD044200045F2C /* Release */ = {
			isa = XCBuildConfiguration;
			buildSettings = {
				ALWAYS_SEARCH_USER_PATHS = NO;
				CLANG_ANALYZER_NONNULL = YES;
				CLANG_ANALYZER_NUMBER_OBJECT_CONVERSION = YES_AGGRESSIVE;
				CLANG_CXX_LANGUAGE_STANDARD = "gnu++17";
				CLANG_CXX_LIBRARY = "libc++";
				CLANG_ENABLE_MODULES = YES;
				CLANG_ENABLE_OBJC_ARC = YES;
				CLANG_ENABLE_OBJC_WEAK = YES;
				CLANG_WARN_BLOCK_CAPTURE_AUTORELEASING = YES;
				CLANG_WARN_BOOL_CONVERSION = YES;
				CLANG_WARN_COMMA = YES;
				CLANG_WARN_CONSTANT_CONVERSION = YES;
				CLANG_WARN_DEPRECATED_OBJC_IMPLEMENTATIONS = YES;
				CLANG_WARN_DIRECT_OBJC_ISA_USAGE = YES_ERROR;
				CLANG_WARN_DOCUMENTATION_COMMENTS = YES;
				CLANG_WARN_EMPTY_BODY = YES;
				CLANG_WARN_ENUM_CONVERSION = YES;
				CLANG_WARN_INFINITE_RECURSION = YES;
				CLANG_WARN_INT_CONVERSION = YES;
				CLANG_WARN_NON_LITERAL_NULL_CONVERSION = YES;
				CLANG_WARN_OBJC_IMPLICIT_RETAIN_SELF = YES;
				CLANG_WARN_OBJC_LITERAL_CONVERSION = YES;
				CLANG_WARN_OBJC_ROOT_CLASS = YES_ERROR;
				CLANG_WARN_QUOTED_INCLUDE_IN_FRAMEWORK_HEADER = YES;
				CLANG_WARN_RANGE_LOOP_ANALYSIS = YES;
				CLANG_WARN_STRICT_PROTOTYPES = YES;
				CLANG_WARN_SUSPICIOUS_MOVE = YES;
				CLANG_WARN_UNGUARDED_AVAILABILITY = YES_AGGRESSIVE;
				CLANG_WARN_UNREACHABLE_CODE = YES;
				CLANG_WARN__DUPLICATE_METHOD_MATCH = YES;
				COPY_PHASE_STRIP = NO;
				DEBUG_INFORMATION_FORMAT = "dwarf-with-dsym";
				ENABLE_NS_ASSERTIONS = NO;
				ENABLE_STRICT_OBJC_MSGSEND = YES;
				GCC_C_LANGUAGE_STANDARD = gnu11;
				GCC_NO_COMMON_BLOCKS = YES;
				GCC_WARN_64_TO_32_BIT_CONVERSION = YES;
				GCC_WARN_ABOUT_RETURN_TYPE = YES_ERROR;
				GCC_WARN_UNDECLARED_SELECTOR = YES;
				GCC_WARN_UNINITIALIZED_AUTOS = YES_AGGRESSIVE;
				GCC_WARN_UNUSED_FUNCTION = YES;
				GCC_WARN_UNUSED_VARIABLE = YES;
				IPHONEOS_DEPLOYMENT_TARGET = 15.0;
				MTL_ENABLE_DEBUG_INFO = NO;
				MTL_FAST_MATH = YES;
				SDKROOT = iphoneos;
				SWIFT_COMPILATION_MODE = wholemodule;
				SWIFT_OPTIMIZATION_LEVEL = "-O";
				VALIDATE_PRODUCT = YES;
			};
			name = Release;
		};
		337AA3A927CD044200045F2C /* Debug */ = {
			isa = XCBuildConfiguration;
			buildSettings = {
				ASSETCATALOG_COMPILER_APPICON_NAME = AppIcon;
				ASSETCATALOG_COMPILER_GLOBAL_ACCENT_COLOR_NAME = AccentColor;
				CODE_SIGN_STYLE = Automatic;
				CURRENT_PROJECT_VERSION = 1;
				DEVELOPMENT_TEAM = ML5C6ZYMKV;
				GENERATE_INFOPLIST_FILE = YES;
				INFOPLIST_FILE = DemoComponent/Info.plist;
				INFOPLIST_KEY_UIApplicationSupportsIndirectInputEvents = YES;
				INFOPLIST_KEY_UILaunchStoryboardName = LaunchScreen;
				INFOPLIST_KEY_UIMainStoryboardFile = Main;
				INFOPLIST_KEY_UISupportedInterfaceOrientations_iPad = "UIInterfaceOrientationPortrait UIInterfaceOrientationPortraitUpsideDown UIInterfaceOrientationLandscapeLeft UIInterfaceOrientationLandscapeRight";
				INFOPLIST_KEY_UISupportedInterfaceOrientations_iPhone = "UIInterfaceOrientationPortrait UIInterfaceOrientationLandscapeLeft UIInterfaceOrientationLandscapeRight";
				LD_RUNPATH_SEARCH_PATHS = (
					"$(inherited)",
					"@executable_path/Frameworks",
				);
				MARKETING_VERSION = 1.0;
				PRODUCT_BUNDLE_IDENTIFIER = com.sky.DemoComponent;
				PRODUCT_NAME = "$(TARGET_NAME)";
				SWIFT_EMIT_LOC_STRINGS = YES;
				SWIFT_VERSION = 5.0;
				TARGETED_DEVICE_FAMILY = "1,2";
			};
			name = Debug;
		};
		337AA3AA27CD044200045F2C /* Release */ = {
			isa = XCBuildConfiguration;
			buildSettings = {
				ASSETCATALOG_COMPILER_APPICON_NAME = AppIcon;
				ASSETCATALOG_COMPILER_GLOBAL_ACCENT_COLOR_NAME = AccentColor;
				CODE_SIGN_STYLE = Automatic;
				CURRENT_PROJECT_VERSION = 1;
				DEVELOPMENT_TEAM = ML5C6ZYMKV;
				GENERATE_INFOPLIST_FILE = YES;
				INFOPLIST_FILE = DemoComponent/Info.plist;
				INFOPLIST_KEY_UIApplicationSupportsIndirectInputEvents = YES;
				INFOPLIST_KEY_UILaunchStoryboardName = LaunchScreen;
				INFOPLIST_KEY_UIMainStoryboardFile = Main;
				INFOPLIST_KEY_UISupportedInterfaceOrientations_iPad = "UIInterfaceOrientationPortrait UIInterfaceOrientationPortraitUpsideDown UIInterfaceOrientationLandscapeLeft UIInterfaceOrientationLandscapeRight";
				INFOPLIST_KEY_UISupportedInterfaceOrientations_iPhone = "UIInterfaceOrientationPortrait UIInterfaceOrientationLandscapeLeft UIInterfaceOrientationLandscapeRight";
				LD_RUNPATH_SEARCH_PATHS = (
					"$(inherited)",
					"@executable_path/Frameworks",
				);
				MARKETING_VERSION = 1.0;
				PRODUCT_BUNDLE_IDENTIFIER = com.sky.DemoComponent;
				PRODUCT_NAME = "$(TARGET_NAME)";
				SWIFT_EMIT_LOC_STRINGS = YES;
				SWIFT_VERSION = 5.0;
				TARGETED_DEVICE_FAMILY = "1,2";
			};
			name = Release;
		};
/* End XCBuildConfiguration section */

/* Begin XCConfigurationList section */
		337AA38F27CD044100045F2C /* Build configuration list for PBXProject "DemoComponent" */ = {
			isa = XCConfigurationList;
			buildConfigurations = (
				337AA3A627CD044200045F2C /* Debug */,
				337AA3A727CD044200045F2C /* Release */,
			);
			defaultConfigurationIsVisible = 0;
			defaultConfigurationName = Release;
		};
		337AA3A827CD044200045F2C /* Build configuration list for PBXNativeTarget "DemoComponent" */ = {
			isa = XCConfigurationList;
			buildConfigurations = (
				337AA3A927CD044200045F2C /* Debug */,
				337AA3AA27CD044200045F2C /* Release */,
			);
			defaultConfigurationIsVisible = 0;
			defaultConfigurationName = Release;
		};
/* End XCConfigurationList section */
	};
	rootObject = 337AA38C27CD044100045F2C /* Project object */;
}
