// !$*UTF8*$!
{
	archiveVersion = 1;
	classes = {
	};
	objectVersion = 55;
	objects = {

/* Begin PBXBuildFile section */
		3302B3AE27F3D083000E006F /* BaseInputField.swift in Sources */ = {isa = PBXBuildFile; fileRef = 3302B3AD27F3D083000E006F /* BaseInputField.swift */; };
		3302B3B127F3D3AC000E006F /* Spacing.swift in Sources */ = {isa = PBXBuildFile; fileRef = 3302B3B027F3D3AC000E006F /* Spacing.swift */; };
		3340A83F27F5E50800D800B6 /* BaseInputField+Style.swift in Sources */ = {isa = PBXBuildFile; fileRef = 3340A83E27F5E50800D800B6 /* BaseInputField+Style.swift */; };
		3340A84227F7C20800D800B6 /* BaseInput.swift in Sources */ = {isa = PBXBuildFile; fileRef = 3340A84127F7C20800D800B6 /* BaseInput.swift */; };
		3340A84427F7C54F00D800B6 /* BaseDropDown.swift in Sources */ = {isa = PBXBuildFile; fileRef = 3340A84327F7C54F00D800B6 /* BaseDropDown.swift */; };
		337AA3CE27CD057D00045F2C /* RippleButton.swift in Sources */ = {isa = PBXBuildFile; fileRef = 337AA3BE27CD057D00045F2C /* RippleButton.swift */; };
		337AA3D027CD057D00045F2C /* LoadingButton.swift in Sources */ = {isa = PBXBuildFile; fileRef = 337AA3C027CD057D00045F2C /* LoadingButton.swift */; };
		337AA3D127CD057D00045F2C /* ButtonComponent.swift in Sources */ = {isa = PBXBuildFile; fileRef = 337AA3C127CD057D00045F2C /* ButtonComponent.swift */; };
		337AA3D227CD057D00045F2C /* StrokeColorAnimation.swift in Sources */ = {isa = PBXBuildFile; fileRef = 337AA3C327CD057D00045F2C /* StrokeColorAnimation.swift */; };
		337AA3D327CD057D00045F2C /* RotationAnimation.swift in Sources */ = {isa = PBXBuildFile; fileRef = 337AA3C427CD057D00045F2C /* RotationAnimation.swift */; };
		337AA3D427CD057D00045F2C /* ProgressView.swift in Sources */ = {isa = PBXBuildFile; fileRef = 337AA3C527CD057D00045F2C /* ProgressView.swift */; };
		337AA3D527CD057D00045F2C /* StrokeAnimation.swift in Sources */ = {isa = PBXBuildFile; fileRef = 337AA3C627CD057D00045F2C /* StrokeAnimation.swift */; };
		337AA3D627CD057D00045F2C /* ProgressShapeLayer.swift in Sources */ = {isa = PBXBuildFile; fileRef = 337AA3C727CD057D00045F2C /* ProgressShapeLayer.swift */; };
		337AA3D727CD057D00045F2C /* Assets.xcassets in Resources */ = {isa = PBXBuildFile; fileRef = 337AA3C927CD057D00045F2C /* Assets.xcassets */; };
		337AA3D827CD057D00045F2C /* BaseColor.swift in Sources */ = {isa = PBXBuildFile; fileRef = 337AA3CA27CD057D00045F2C /* BaseColor.swift */; };
		337AA3D927CD057D00045F2C /* UIColor+Extension.swift in Sources */ = {isa = PBXBuildFile; fileRef = 337AA3CC27CD057D00045F2C /* UIColor+Extension.swift */; };
		337AA3DA27CD057D00045F2C /* UIView+Extension.swift in Sources */ = {isa = PBXBuildFile; fileRef = 337AA3CD27CD057D00045F2C /* UIView+Extension.swift */; };
		337AA3E127CD12CE00045F2C /* Assets.xcassets in Resources */ = {isa = PBXBuildFile; fileRef = 337AA3E027CD12CE00045F2C /* Assets.xcassets */; };
		337AA3E327CD132D00045F2C /* UIImage+Extension.swift in Sources */ = {isa = PBXBuildFile; fileRef = 337AA3E227CD132D00045F2C /* UIImage+Extension.swift */; };
		337C472327D647AE008FAF6A /* SegmentControl.swift in Sources */ = {isa = PBXBuildFile; fileRef = 337C472227D647AE008FAF6A /* SegmentControl.swift */; };
		337C472827D827F8008FAF6A /* SegmentControlBig.swift in Sources */ = {isa = PBXBuildFile; fileRef = 337C472727D827F8008FAF6A /* SegmentControlBig.swift */; };
		337F539E27CE4E6A009D9894 /* Typesetting+Named.swift in Sources */ = {isa = PBXBuildFile; fileRef = 337F536827CE4E6A009D9894 /* Typesetting+Named.swift */; };
		337F539F27CE4E6A009D9894 /* Typesetting.swift in Sources */ = {isa = PBXBuildFile; fileRef = 337F536927CE4E6A009D9894 /* Typesetting.swift */; };
		337F53A027CE4E6A009D9894 /* Typesetting+LineHeightFactor.swift in Sources */ = {isa = PBXBuildFile; fileRef = 337F536A27CE4E6A009D9894 /* Typesetting+LineHeightFactor.swift */; };
		337F53A127CE4E6A009D9894 /* NSAttributedString+Typography.swift in Sources */ = {isa = PBXBuildFile; fileRef = 337F536C27CE4E6A009D9894 /* NSAttributedString+Typography.swift */; };
		337F53A227CE4E6A009D9894 /* Transformer.swift in Sources */ = {isa = PBXBuildFile; fileRef = 337F536D27CE4E6A009D9894 /* Transformer.swift */; };
		337F53A327CE4E6A009D9894 /* String+Typography.swift in Sources */ = {isa = PBXBuildFile; fileRef = 337F536E27CE4E6A009D9894 /* String+Typography.swift */; };
		337F53A427CE4E6A009D9894 /* AttributeTransformer.swift in Sources */ = {isa = PBXBuildFile; fileRef = 337F536F27CE4E6A009D9894 /* AttributeTransformer.swift */; };
		337F53A527CE4E6A009D9894 /* Style+UITextView.swift in Sources */ = {isa = PBXBuildFile; fileRef = 337F537227CE4E6A009D9894 /* Style+UITextView.swift */; };
		337F53AA27CE4E6A009D9894 /* Style.swift in Sources */ = {isa = PBXBuildFile; fileRef = 337F537727CE4E6A009D9894 /* Style.swift */; };
		337F53AC27CE4E6A009D9894 /* Style+UILabel.swift in Sources */ = {isa = PBXBuildFile; fileRef = 337F537927CE4E6A009D9894 /* Style+UILabel.swift */; };
		337F53AD27CE4E6A009D9894 /* BaseFont+Named.swift in Sources */ = {isa = PBXBuildFile; fileRef = 337F537B27CE4E6A009D9894 /* BaseFont+Named.swift */; };
		337F53AE27CE4E6A009D9894 /* BaseFont+Weight.swift in Sources */ = {isa = PBXBuildFile; fileRef = 337F537C27CE4E6A009D9894 /* BaseFont+Weight.swift */; };
		337F53AF27CE4E6A009D9894 /* SFProText-Regular.otf in Resources */ = {isa = PBXBuildFile; fileRef = 337F537E27CE4E6A009D9894 /* SFProText-Regular.otf */; };
		337F53B127CE4E6A009D9894 /* SFProDisplay-Medium.otf in Resources */ = {isa = PBXBuildFile; fileRef = 337F538127CE4E6A009D9894 /* SFProDisplay-Medium.otf */; };
		337F53B227CE4E6A009D9894 /* SFProText-Semibold.otf in Resources */ = {isa = PBXBuildFile; fileRef = 337F538227CE4E6A009D9894 /* SFProText-Semibold.otf */; };
		337F53B327CE4E6A009D9894 /* SFProText-Medium.otf in Resources */ = {isa = PBXBuildFile; fileRef = 337F538327CE4E6A009D9894 /* SFProText-Medium.otf */; };
		337F53B427CE4E6A009D9894 /* SFProDisplay-Semibold.otf in Resources */ = {isa = PBXBuildFile; fileRef = 337F538427CE4E6A009D9894 /* SFProDisplay-Semibold.otf */; };
		337F53B527CE4E6A009D9894 /* SFProDisplay-Heavy.otf in Resources */ = {isa = PBXBuildFile; fileRef = 337F538527CE4E6A009D9894 /* SFProDisplay-Heavy.otf */; };
		337F53B627CE4E6A009D9894 /* OCRAbyBT-Regular.otf in Resources */ = {isa = PBXBuildFile; fileRef = 337F538627CE4E6A009D9894 /* OCRAbyBT-Regular.otf */; };
		337F53C627CE4E6A009D9894 /* SFProDisplay-Regular.otf in Resources */ = {isa = PBXBuildFile; fileRef = 337F539927CE4E6A009D9894 /* SFProDisplay-Regular.otf */; };
		337F53C727CE4E6A009D9894 /* SFProDisplay-Light.otf in Resources */ = {isa = PBXBuildFile; fileRef = 337F539A27CE4E6A009D9894 /* SFProDisplay-Light.otf */; };
		337F53C827CE4E6A009D9894 /* BaseFont.swift in Sources */ = {isa = PBXBuildFile; fileRef = 337F539B27CE4E6A009D9894 /* BaseFont.swift */; };
		337F53C927CE4E6A009D9894 /* BaseFont+Size.swift in Sources */ = {isa = PBXBuildFile; fileRef = 337F539C27CE4E6A009D9894 /* BaseFont+Size.swift */; };
		337F53CA27CE4E6A009D9894 /* UIFont+Weight.swift in Sources */ = {isa = PBXBuildFile; fileRef = 337F539D27CE4E6A009D9894 /* UIFont+Weight.swift */; };
		33AE4CC427CD020B00B6F8CD /* BaseComponent.h in Headers */ = {isa = PBXBuildFile; fileRef = 33AE4CC327CD020B00B6F8CD /* BaseComponent.h */; settings = {ATTRIBUTES = (Public, ); }; };
/* End PBXBuildFile section */

/* Begin PBXContainerItemProxy section */
		337AA3AF27CD044300045F2C /* PBXContainerItemProxy */ = {
			isa = PBXContainerItemProxy;
			containerPortal = 337AA3AB27CD044200045F2C /* DemoComponent.xcodeproj */;
			proxyType = 2;
			remoteGlobalIDString = 337AA39427CD044100045F2C;
			remoteInfo = DemoComponent;
		};
/* End PBXContainerItemProxy section */

/* Begin PBXFileReference section */
		3302B3AD27F3D083000E006F /* BaseInputField.swift */ = {isa = PBXFileReference; lastKnownFileType = sourcecode.swift; path = BaseInputField.swift; sourceTree = "<group>"; };
		3302B3B027F3D3AC000E006F /* Spacing.swift */ = {isa = PBXFileReference; lastKnownFileType = sourcecode.swift; path = Spacing.swift; sourceTree = "<group>"; };
		3340A83E27F5E50800D800B6 /* BaseInputField+Style.swift */ = {isa = PBXFileReference; lastKnownFileType = sourcecode.swift; path = "BaseInputField+Style.swift"; sourceTree = "<group>"; };
		3340A84127F7C20800D800B6 /* BaseInput.swift */ = {isa = PBXFileReference; lastKnownFileType = sourcecode.swift; path = BaseInput.swift; sourceTree = "<group>"; };
		3340A84327F7C54F00D800B6 /* BaseDropDown.swift */ = {isa = PBXFileReference; lastKnownFileType = sourcecode.swift; path = BaseDropDown.swift; sourceTree = "<group>"; };
		337AA3AB27CD044200045F2C /* DemoComponent.xcodeproj */ = {isa = PBXFileReference; lastKnownFileType = "wrapper.pb-project"; name = DemoComponent.xcodeproj; path = DemoComponent/DemoComponent.xcodeproj; sourceTree = SOURCE_ROOT; };
		337AA3BE27CD057D00045F2C /* RippleButton.swift */ = {isa = PBXFileReference; fileEncoding = 4; lastKnownFileType = sourcecode.swift; path = RippleButton.swift; sourceTree = "<group>"; };
		337AA3C027CD057D00045F2C /* LoadingButton.swift */ = {isa = PBXFileReference; fileEncoding = 4; lastKnownFileType = sourcecode.swift; path = LoadingButton.swift; sourceTree = "<group>"; };
		337AA3C127CD057D00045F2C /* ButtonComponent.swift */ = {isa = PBXFileReference; fileEncoding = 4; lastKnownFileType = sourcecode.swift; path = ButtonComponent.swift; sourceTree = "<group>"; };
		337AA3C327CD057D00045F2C /* StrokeColorAnimation.swift */ = {isa = PBXFileReference; fileEncoding = 4; lastKnownFileType = sourcecode.swift; path = StrokeColorAnimation.swift; sourceTree = "<group>"; };
		337AA3C427CD057D00045F2C /* RotationAnimation.swift */ = {isa = PBXFileReference; fileEncoding = 4; lastKnownFileType = sourcecode.swift; path = RotationAnimation.swift; sourceTree = "<group>"; };
		337AA3C527CD057D00045F2C /* ProgressView.swift */ = {isa = PBXFileReference; fileEncoding = 4; lastKnownFileType = sourcecode.swift; path = ProgressView.swift; sourceTree = "<group>"; };
		337AA3C627CD057D00045F2C /* StrokeAnimation.swift */ = {isa = PBXFileReference; fileEncoding = 4; lastKnownFileType = sourcecode.swift; path = StrokeAnimation.swift; sourceTree = "<group>"; };
		337AA3C727CD057D00045F2C /* ProgressShapeLayer.swift */ = {isa = PBXFileReference; fileEncoding = 4; lastKnownFileType = sourcecode.swift; path = ProgressShapeLayer.swift; sourceTree = "<group>"; };
		337AA3C927CD057D00045F2C /* Assets.xcassets */ = {isa = PBXFileReference; lastKnownFileType = folder.assetcatalog; path = Assets.xcassets; sourceTree = "<group>"; };
		337AA3CA27CD057D00045F2C /* BaseColor.swift */ = {isa = PBXFileReference; fileEncoding = 4; lastKnownFileType = sourcecode.swift; path = BaseColor.swift; sourceTree = "<group>"; };
		337AA3CC27CD057D00045F2C /* UIColor+Extension.swift */ = {isa = PBXFileReference; fileEncoding = 4; lastKnownFileType = sourcecode.swift; path = "UIColor+Extension.swift"; sourceTree = "<group>"; };
		337AA3CD27CD057D00045F2C /* UIView+Extension.swift */ = {isa = PBXFileReference; fileEncoding = 4; lastKnownFileType = sourcecode.swift; path = "UIView+Extension.swift"; sourceTree = "<group>"; };
		337AA3E027CD12CE00045F2C /* Assets.xcassets */ = {isa = PBXFileReference; lastKnownFileType = folder.assetcatalog; path = Assets.xcassets; sourceTree = "<group>"; };
		337AA3E227CD132D00045F2C /* UIImage+Extension.swift */ = {isa = PBXFileReference; lastKnownFileType = sourcecode.swift; path = "UIImage+Extension.swift"; sourceTree = "<group>"; };
		337C472227D647AE008FAF6A /* SegmentControl.swift */ = {isa = PBXFileReference; lastKnownFileType = sourcecode.swift; path = SegmentControl.swift; sourceTree = "<group>"; };
		337C472727D827F8008FAF6A /* SegmentControlBig.swift */ = {isa = PBXFileReference; lastKnownFileType = sourcecode.swift; path = SegmentControlBig.swift; sourceTree = "<group>"; };
		337F536827CE4E6A009D9894 /* Typesetting+Named.swift */ = {isa = PBXFileReference; fileEncoding = 4; lastKnownFileType = sourcecode.swift; path = "Typesetting+Named.swift"; sourceTree = "<group>"; };
		337F536927CE4E6A009D9894 /* Typesetting.swift */ = {isa = PBXFileReference; fileEncoding = 4; lastKnownFileType = sourcecode.swift; path = Typesetting.swift; sourceTree = "<group>"; };
		337F536A27CE4E6A009D9894 /* Typesetting+LineHeightFactor.swift */ = {isa = PBXFileReference; fileEncoding = 4; lastKnownFileType = sourcecode.swift; path = "Typesetting+LineHeightFactor.swift"; sourceTree = "<group>"; };
		337F536C27CE4E6A009D9894 /* NSAttributedString+Typography.swift */ = {isa = PBXFileReference; fileEncoding = 4; lastKnownFileType = sourcecode.swift; path = "NSAttributedString+Typography.swift"; sourceTree = "<group>"; };
		337F536D27CE4E6A009D9894 /* Transformer.swift */ = {isa = PBXFileReference; fileEncoding = 4; lastKnownFileType = sourcecode.swift; path = Transformer.swift; sourceTree = "<group>"; };
		337F536E27CE4E6A009D9894 /* String+Typography.swift */ = {isa = PBXFileReference; fileEncoding = 4; lastKnownFileType = sourcecode.swift; path = "String+Typography.swift"; sourceTree = "<group>"; };
		337F536F27CE4E6A009D9894 /* AttributeTransformer.swift */ = {isa = PBXFileReference; fileEncoding = 4; lastKnownFileType = sourcecode.swift; path = AttributeTransformer.swift; sourceTree = "<group>"; };
		337F537227CE4E6A009D9894 /* Style+UITextView.swift */ = {isa = PBXFileReference; fileEncoding = 4; lastKnownFileType = sourcecode.swift; path = "Style+UITextView.swift"; sourceTree = "<group>"; };
		337F537727CE4E6A009D9894 /* Style.swift */ = {isa = PBXFileReference; fileEncoding = 4; lastKnownFileType = sourcecode.swift; path = Style.swift; sourceTree = "<group>"; };
		337F537927CE4E6A009D9894 /* Style+UILabel.swift */ = {isa = PBXFileReference; fileEncoding = 4; lastKnownFileType = sourcecode.swift; path = "Style+UILabel.swift"; sourceTree = "<group>"; };
		337F537B27CE4E6A009D9894 /* BaseFont+Named.swift */ = {isa = PBXFileReference; fileEncoding = 4; lastKnownFileType = sourcecode.swift; path = "BaseFont+Named.swift"; sourceTree = "<group>"; };
		337F537C27CE4E6A009D9894 /* BaseFont+Weight.swift */ = {isa = PBXFileReference; fileEncoding = 4; lastKnownFileType = sourcecode.swift; path = "BaseFont+Weight.swift"; sourceTree = "<group>"; };
		337F537E27CE4E6A009D9894 /* SFProText-Regular.otf */ = {isa = PBXFileReference; lastKnownFileType = file; path = "SFProText-Regular.otf"; sourceTree = "<group>"; };
		337F538127CE4E6A009D9894 /* SFProDisplay-Medium.otf */ = {isa = PBXFileReference; lastKnownFileType = file; path = "SFProDisplay-Medium.otf"; sourceTree = "<group>"; };
		337F538227CE4E6A009D9894 /* SFProText-Semibold.otf */ = {isa = PBXFileReference; lastKnownFileType = file; path = "SFProText-Semibold.otf"; sourceTree = "<group>"; };
		337F538327CE4E6A009D9894 /* SFProText-Medium.otf */ = {isa = PBXFileReference; lastKnownFileType = file; path = "SFProText-Medium.otf"; sourceTree = "<group>"; };
		337F538427CE4E6A009D9894 /* SFProDisplay-Semibold.otf */ = {isa = PBXFileReference; lastKnownFileType = file; path = "SFProDisplay-Semibold.otf"; sourceTree = "<group>"; };
		337F538527CE4E6A009D9894 /* SFProDisplay-Heavy.otf */ = {isa = PBXFileReference; lastKnownFileType = file; path = "SFProDisplay-Heavy.otf"; sourceTree = "<group>"; };
		337F538627CE4E6A009D9894 /* OCRAbyBT-Regular.otf */ = {isa = PBXFileReference; lastKnownFileType = file; path = "OCRAbyBT-Regular.otf"; sourceTree = "<group>"; };
		337F539927CE4E6A009D9894 /* SFProDisplay-Regular.otf */ = {isa = PBXFileReference; lastKnownFileType = file; path = "SFProDisplay-Regular.otf"; sourceTree = "<group>"; };
		337F539A27CE4E6A009D9894 /* SFProDisplay-Light.otf */ = {isa = PBXFileReference; lastKnownFileType = file; path = "SFProDisplay-Light.otf"; sourceTree = "<group>"; };
		337F539B27CE4E6A009D9894 /* BaseFont.swift */ = {isa = PBXFileReference; fileEncoding = 4; lastKnownFileType = sourcecode.swift; path = BaseFont.swift; sourceTree = "<group>"; };
		337F539C27CE4E6A009D9894 /* BaseFont+Size.swift */ = {isa = PBXFileReference; fileEncoding = 4; lastKnownFileType = sourcecode.swift; path = "BaseFont+Size.swift"; sourceTree = "<group>"; };
		337F539D27CE4E6A009D9894 /* UIFont+Weight.swift */ = {isa = PBXFileReference; fileEncoding = 4; lastKnownFileType = sourcecode.swift; path = "UIFont+Weight.swift"; sourceTree = "<group>"; };
		33AE4CC027CD020B00B6F8CD /* BaseComponent.framework */ = {isa = PBXFileReference; explicitFileType = wrapper.framework; includeInIndex = 0; path = BaseComponent.framework; sourceTree = BUILT_PRODUCTS_DIR; };
		33AE4CC327CD020B00B6F8CD /* BaseComponent.h */ = {isa = PBXFileReference; lastKnownFileType = sourcecode.c.h; path = BaseComponent.h; sourceTree = "<group>"; };
/* End PBXFileReference section */

/* Begin PBXFrameworksBuildPhase section */
		33AE4CBD27CD020B00B6F8CD /* Frameworks */ = {
			isa = PBXFrameworksBuildPhase;
			buildActionMask = 2147483647;
			files = (
			);
			runOnlyForDeploymentPostprocessing = 0;
		};
/* End PBXFrameworksBuildPhase section */

/* Begin PBXGroup section */
		3302B3AB27F3D002000E006F /* InputField */ = {
			isa = PBXGroup;
			children = (
				3340A84327F7C54F00D800B6 /* BaseDropDown.swift */,
				3340A84127F7C20800D800B6 /* BaseInput.swift */,
				3302B3AD27F3D083000E006F /* BaseInputField.swift */,
				3340A83E27F5E50800D800B6 /* BaseInputField+Style.swift */,
			);
			path = InputField;
			sourceTree = "<group>";
		};
		3302B3AF27F3D39B000E006F /* Common */ = {
			isa = PBXGroup;
			children = (
				3302B3B027F3D3AC000E006F /* Spacing.swift */,
			);
			path = Common;
			sourceTree = "<group>";
		};
		337AA38A27CD041B00045F2C /* Demo */ = {
			isa = PBXGroup;
			children = (
				337AA3AB27CD044200045F2C /* DemoComponent.xcodeproj */,
			);
			path = Demo;
			sourceTree = "<group>";
		};
		337AA3AC27CD044200045F2C /* Products */ = {
			isa = PBXGroup;
			children = (
				337AA3B027CD044300045F2C /* DemoComponent.app */,
			);
			name = Products;
			sourceTree = "<group>";
		};
		337AA3BD27CD057D00045F2C /* Buttons */ = {
			isa = PBXGroup;
			children = (
				337AA3BE27CD057D00045F2C /* RippleButton.swift */,
				337AA3C027CD057D00045F2C /* LoadingButton.swift */,
				337AA3C127CD057D00045F2C /* ButtonComponent.swift */,
			);
			path = Buttons;
			sourceTree = "<group>";
		};
		337AA3C227CD057D00045F2C /* ProgressView */ = {
			isa = PBXGroup;
			children = (
				337AA3C327CD057D00045F2C /* StrokeColorAnimation.swift */,
				337AA3C427CD057D00045F2C /* RotationAnimation.swift */,
				337AA3C527CD057D00045F2C /* ProgressView.swift */,
				337AA3C627CD057D00045F2C /* StrokeAnimation.swift */,
				337AA3C727CD057D00045F2C /* ProgressShapeLayer.swift */,
			);
			path = ProgressView;
			sourceTree = "<group>";
		};
		337AA3C827CD057D00045F2C /* Colors */ = {
			isa = PBXGroup;
			children = (
				337AA3C927CD057D00045F2C /* Assets.xcassets */,
				337AA3CA27CD057D00045F2C /* BaseColor.swift */,
			);
			path = Colors;
			sourceTree = "<group>";
		};
		337AA3CB27CD057D00045F2C /* Extension */ = {
			isa = PBXGroup;
			children = (
				337AA3CC27CD057D00045F2C /* UIColor+Extension.swift */,
				337AA3CD27CD057D00045F2C /* UIView+Extension.swift */,
				337AA3E227CD132D00045F2C /* UIImage+Extension.swift */,
			);
			path = Extension;
			sourceTree = "<group>";
		};
		337AA3DF27CD12B200045F2C /* Resources */ = {
			isa = PBXGroup;
			children = (
				337AA3E027CD12CE00045F2C /* Assets.xcassets */,
			);
			path = Resources;
			sourceTree = "<group>";
		};
		337C472027D6478F008FAF6A /* Segments */ = {
			isa = PBXGroup;
			children = (
				337C472227D647AE008FAF6A /* SegmentControl.swift */,
				337C472727D827F8008FAF6A /* SegmentControlBig.swift */,
			);
			path = Segments;
			sourceTree = "<group>";
		};
		337F536727CE4E6A009D9894 /* Typography */ = {
			isa = PBXGroup;
			children = (
				337F536B27CE4E6A009D9894 /* Mark-up */,
				337F536927CE4E6A009D9894 /* Typesetting.swift */,
				337F536A27CE4E6A009D9894 /* Typesetting+LineHeightFactor.swift */,
				337F536827CE4E6A009D9894 /* Typesetting+Named.swift */,
			);
			path = Typography;
			sourceTree = "<group>";
		};
		337F536B27CE4E6A009D9894 /* Mark-up */ = {
			isa = PBXGroup;
			children = (
				337F536F27CE4E6A009D9894 /* AttributeTransformer.swift */,
				337F536C27CE4E6A009D9894 /* NSAttributedString+Typography.swift */,
				337F536E27CE4E6A009D9894 /* String+Typography.swift */,
				337F536D27CE4E6A009D9894 /* Transformer.swift */,
			);
			path = "Mark-up";
			sourceTree = "<group>";
		};
		337F537127CE4E6A009D9894 /* Stylist */ = {
			isa = PBXGroup;
			children = (
				337F537727CE4E6A009D9894 /* Style.swift */,
				337F537927CE4E6A009D9894 /* Style+UILabel.swift */,
				337F537227CE4E6A009D9894 /* Style+UITextView.swift */,
			);
			path = Stylist;
			sourceTree = "<group>";
		};
		337F537A27CE4E6A009D9894 /* Fonts */ = {
			isa = PBXGroup;
			children = (
				337F537D27CE4E6A009D9894 /* Resources */,
				337F539B27CE4E6A009D9894 /* BaseFont.swift */,
				337F537B27CE4E6A009D9894 /* BaseFont+Named.swift */,
				337F539C27CE4E6A009D9894 /* BaseFont+Size.swift */,
				337F537C27CE4E6A009D9894 /* BaseFont+Weight.swift */,
				337F539D27CE4E6A009D9894 /* UIFont+Weight.swift */,
			);
			path = Fonts;
			sourceTree = "<group>";
		};
		337F537D27CE4E6A009D9894 /* Resources */ = {
			isa = PBXGroup;
			children = (
				337F538627CE4E6A009D9894 /* OCRAbyBT-Regular.otf */,
				337F538527CE4E6A009D9894 /* SFProDisplay-Heavy.otf */,
				337F539A27CE4E6A009D9894 /* SFProDisplay-Light.otf */,
				337F538127CE4E6A009D9894 /* SFProDisplay-Medium.otf */,
				337F539927CE4E6A009D9894 /* SFProDisplay-Regular.otf */,
				337F538427CE4E6A009D9894 /* SFProDisplay-Semibold.otf */,
				337F538327CE4E6A009D9894 /* SFProText-Medium.otf */,
				337F537E27CE4E6A009D9894 /* SFProText-Regular.otf */,
				337F538227CE4E6A009D9894 /* SFProText-Semibold.otf */,
			);
			path = Resources;
			sourceTree = "<group>";
		};
		33AE4CB627CD020B00B6F8CD = {
			isa = PBXGroup;
			children = (
				337AA38A27CD041B00045F2C /* Demo */,
				33AE4CC227CD020B00B6F8CD /* BaseComponent */,
				33AE4CC127CD020B00B6F8CD /* Products */,
			);
			sourceTree = "<group>";
		};
		33AE4CC127CD020B00B6F8CD /* Products */ = {
			isa = PBXGroup;
			children = (
				33AE4CC027CD020B00B6F8CD /* BaseComponent.framework */,
			);
			name = Products;
			sourceTree = "<group>";
		};
		33AE4CC227CD020B00B6F8CD /* BaseComponent */ = {
			isa = PBXGroup;
			children = (
				33AE4CC327CD020B00B6F8CD /* BaseComponent.h */,
				337AA3BD27CD057D00045F2C /* Buttons */,
				337AA3C827CD057D00045F2C /* Colors */,
				3302B3AF27F3D39B000E006F /* Common */,
				337AA3CB27CD057D00045F2C /* Extension */,
				337F537A27CE4E6A009D9894 /* Fonts */,
				3302B3AB27F3D002000E006F /* InputField */,
				337AA3C227CD057D00045F2C /* ProgressView */,
				337AA3DF27CD12B200045F2C /* Resources */,
				337C472027D6478F008FAF6A /* Segments */,
				337F537127CE4E6A009D9894 /* Stylist */,
				337F536727CE4E6A009D9894 /* Typography */,
			);
			path = BaseComponent;
			sourceTree = "<group>";
		};
/* End PBXGroup section */

/* Begin PBXHeadersBuildPhase section */
		33AE4CBB27CD020B00B6F8CD /* Headers */ = {
			isa = PBXHeadersBuildPhase;
			buildActionMask = 2147483647;
			files = (
				33AE4CC427CD020B00B6F8CD /* BaseComponent.h in Headers */,
			);
			runOnlyForDeploymentPostprocessing = 0;
		};
/* End PBXHeadersBuildPhase section */

/* Begin PBXNativeTarget section */
		33AE4CBF27CD020B00B6F8CD /* BaseComponent */ = {
			isa = PBXNativeTarget;
			buildConfigurationList = 33AE4CC727CD020B00B6F8CD /* Build configuration list for PBXNativeTarget "BaseComponent" */;
			buildPhases = (
				33AE4CBB27CD020B00B6F8CD /* Headers */,
				33AE4CBC27CD020B00B6F8CD /* Sources */,
				33AE4CBD27CD020B00B6F8CD /* Frameworks */,
				33AE4CBE27CD020B00B6F8CD /* Resources */,
			);
			buildRules = (
			);
			dependencies = (
			);
			name = BaseComponent;
			productName = BaseComponent;
			productReference = 33AE4CC027CD020B00B6F8CD /* BaseComponent.framework */;
			productType = "com.apple.product-type.framework";
		};
/* End PBXNativeTarget section */

/* Begin PBXProject section */
		33AE4CB727CD020B00B6F8CD /* Project object */ = {
			isa = PBXProject;
			attributes = {
				BuildIndependentTargetsInParallel = 1;
				LastUpgradeCheck = 1300;
				TargetAttributes = {
					33AE4CBF27CD020B00B6F8CD = {
						CreatedOnToolsVersion = 13.0;
					};
				};
			};
			buildConfigurationList = 33AE4CBA27CD020B00B6F8CD /* Build configuration list for PBXProject "BaseComponent" */;
			compatibilityVersion = "Xcode 13.0";
			developmentRegion = en;
			hasScannedForEncodings = 0;
			knownRegions = (
				en,
				Base,
			);
			mainGroup = 33AE4CB627CD020B00B6F8CD;
			productRefGroup = 33AE4CC127CD020B00B6F8CD /* Products */;
			projectDirPath = "";
			projectReferences = (
				{
					ProductGroup = 337AA3AC27CD044200045F2C /* Products */;
					ProjectRef = 337AA3AB27CD044200045F2C /* DemoComponent.xcodeproj */;
				},
			);
			projectRoot = "";
			targets = (
				33AE4CBF27CD020B00B6F8CD /* BaseComponent */,
			);
		};
/* End PBXProject section */

/* Begin PBXReferenceProxy section */
		337AA3B027CD044300045F2C /* DemoComponent.app */ = {
			isa = PBXReferenceProxy;
			fileType = wrapper.application;
			path = DemoComponent.app;
			remoteRef = 337AA3AF27CD044300045F2C /* PBXContainerItemProxy */;
			sourceTree = BUILT_PRODUCTS_DIR;
		};
/* End PBXReferenceProxy section */

/* Begin PBXResourcesBuildPhase section */
		33AE4CBE27CD020B00B6F8CD /* Resources */ = {
			isa = PBXResourcesBuildPhase;
			buildActionMask = 2147483647;
			files = (
				337F53C627CE4E6A009D9894 /* SFProDisplay-Regular.otf in Resources */,
				337AA3E127CD12CE00045F2C /* Assets.xcassets in Resources */,
				337F53AF27CE4E6A009D9894 /* SFProText-Regular.otf in Resources */,
				337F53B627CE4E6A009D9894 /* OCRAbyBT-Regular.otf in Resources */,
				337AA3D727CD057D00045F2C /* Assets.xcassets in Resources */,
				337F53B427CE4E6A009D9894 /* SFProDisplay-Semibold.otf in Resources */,
				337F53B227CE4E6A009D9894 /* SFProText-Semibold.otf in Resources */,
				337F53B527CE4E6A009D9894 /* SFProDisplay-Heavy.otf in Resources */,
				337F53B127CE4E6A009D9894 /* SFProDisplay-Medium.otf in Resources */,
				337F53C727CE4E6A009D9894 /* SFProDisplay-Light.otf in Resources */,
				337F53B327CE4E6A009D9894 /* SFProText-Medium.otf in Resources */,
			);
			runOnlyForDeploymentPostprocessing = 0;
		};
/* End PBXResourcesBuildPhase section */

/* Begin PBXSourcesBuildPhase section */
		33AE4CBC27CD020B00B6F8CD /* Sources */ = {
			isa = PBXSourcesBuildPhase;
			buildActionMask = 2147483647;
			files = (
				3340A83F27F5E50800D800B6 /* BaseInputField+Style.swift in Sources */,
				337F53A127CE4E6A009D9894 /* NSAttributedString+Typography.swift in Sources */,
				337F53AD27CE4E6A009D9894 /* BaseFont+Named.swift in Sources */,
				3302B3B127F3D3AC000E006F /* Spacing.swift in Sources */,
				337F53AC27CE4E6A009D9894 /* Style+UILabel.swift in Sources */,
				337C472827D827F8008FAF6A /* SegmentControlBig.swift in Sources */,
				3340A84227F7C20800D800B6 /* BaseInput.swift in Sources */,
				337AA3D627CD057D00045F2C /* ProgressShapeLayer.swift in Sources */,
				337AA3D527CD057D00045F2C /* StrokeAnimation.swift in Sources */,
				337F53C827CE4E6A009D9894 /* BaseFont.swift in Sources */,
				337AA3D327CD057D00045F2C /* RotationAnimation.swift in Sources */,
				3302B3AE27F3D083000E006F /* BaseInputField.swift in Sources */,
				337F53AA27CE4E6A009D9894 /* Style.swift in Sources */,
				337AA3D927CD057D00045F2C /* UIColor+Extension.swift in Sources */,
				337AA3D227CD057D00045F2C /* StrokeColorAnimation.swift in Sources */,
				337AA3D027CD057D00045F2C /* LoadingButton.swift in Sources */,
				337F53A327CE4E6A009D9894 /* String+Typography.swift in Sources */,
				337F53A227CE4E6A009D9894 /* Transformer.swift in Sources */,
				337AA3DA27CD057D00045F2C /* UIView+Extension.swift in Sources */,
				337F53C927CE4E6A009D9894 /* BaseFont+Size.swift in Sources */,
				337F53A427CE4E6A009D9894 /* AttributeTransformer.swift in Sources */,
				337F53AE27CE4E6A009D9894 /* BaseFont+Weight.swift in Sources */,
				337F53A527CE4E6A009D9894 /* Style+UITextView.swift in Sources */,
				337F53A027CE4E6A009D9894 /* Typesetting+LineHeightFactor.swift in Sources */,
				337C472327D647AE008FAF6A /* SegmentControl.swift in Sources */,
				337F53CA27CE4E6A009D9894 /* UIFont+Weight.swift in Sources */,
				337AA3D427CD057D00045F2C /* ProgressView.swift in Sources */,
				3340A84427F7C54F00D800B6 /* BaseDropDown.swift in Sources */,
				337AA3CE27CD057D00045F2C /* RippleButton.swift in Sources */,
				337AA3D127CD057D00045F2C /* ButtonComponent.swift in Sources */,
				337F539F27CE4E6A009D9894 /* Typesetting.swift in Sources */,
				337AA3D827CD057D00045F2C /* BaseColor.swift in Sources */,
				337AA3E327CD132D00045F2C /* UIImage+Extension.swift in Sources */,
				337F539E27CE4E6A009D9894 /* Typesetting+Named.swift in Sources */,
			);
			runOnlyForDeploymentPostprocessing = 0;
		};
/* End PBXSourcesBuildPhase section */

/* Begin XCBuildConfiguration section */
		33AE4CC527CD020B00B6F8CD /* Debug */ = {
			isa = XCBuildConfiguration;
			buildSettings = {
				ALWAYS_SEARCH_USER_PATHS = NO;
				CLANG_ANALYZER_NONNULL = YES;
				CLANG_ANALYZER_NUMBER_OBJECT_CONVERSION = YES_AGGRESSIVE;
				CLANG_CXX_LANGUAGE_STANDARD = "gnu++17";
				CLANG_CXX_LIBRARY = "libc++";
				CLANG_ENABLE_MODULES = YES;
				CLANG_ENABLE_OBJC_ARC = YES;
				CLANG_ENABLE_OBJC_WEAK = YES;
				CLANG_WARN_BLOCK_CAPTURE_AUTORELEASING = YES;
				CLANG_WARN_BOOL_CONVERSION = YES;
				CLANG_WARN_COMMA = YES;
				CLANG_WARN_CONSTANT_CONVERSION = YES;
				CLANG_WARN_DEPRECATED_OBJC_IMPLEMENTATIONS = YES;
				CLANG_WARN_DIRECT_OBJC_ISA_USAGE = YES_ERROR;
				CLANG_WARN_DOCUMENTATION_COMMENTS = YES;
				CLANG_WARN_EMPTY_BODY = YES;
				CLANG_WARN_ENUM_CONVERSION = YES;
				CLANG_WARN_INFINITE_RECURSION = YES;
				CLANG_WARN_INT_CONVERSION = YES;
				CLANG_WARN_NON_LITERAL_NULL_CONVERSION = YES;
				CLANG_WARN_OBJC_IMPLICIT_RETAIN_SELF = YES;
				CLANG_WARN_OBJC_LITERAL_CONVERSION = YES;
				CLANG_WARN_OBJC_ROOT_CLASS = YES_ERROR;
				CLANG_WARN_QUOTED_INCLUDE_IN_FRAMEWORK_HEADER = YES;
				CLANG_WARN_RANGE_LOOP_ANALYSIS = YES;
				CLANG_WARN_STRICT_PROTOTYPES = YES;
				CLANG_WARN_SUSPICIOUS_MOVE = YES;
				CLANG_WARN_UNGUARDED_AVAILABILITY = YES_AGGRESSIVE;
				CLANG_WARN_UNREACHABLE_CODE = YES;
				CLANG_WARN__DUPLICATE_METHOD_MATCH = YES;
				COPY_PHASE_STRIP = NO;
				CURRENT_PROJECT_VERSION = 1;
				DEBUG_INFORMATION_FORMAT = dwarf;
				ENABLE_STRICT_OBJC_MSGSEND = YES;
				ENABLE_TESTABILITY = YES;
				GCC_C_LANGUAGE_STANDARD = gnu11;
				GCC_DYNAMIC_NO_PIC = NO;
				GCC_NO_COMMON_BLOCKS = YES;
				GCC_OPTIMIZATION_LEVEL = 0;
				GCC_PREPROCESSOR_DEFINITIONS = (
					"DEBUG=1",
					"$(inherited)",
				);
				GCC_WARN_64_TO_32_BIT_CONVERSION = YES;
				GCC_WARN_ABOUT_RETURN_TYPE = YES_ERROR;
				GCC_WARN_UNDECLARED_SELECTOR = YES;
				GCC_WARN_UNINITIALIZED_AUTOS = YES_AGGRESSIVE;
				GCC_WARN_UNUSED_FUNCTION = YES;
				GCC_WARN_UNUSED_VARIABLE = YES;
				IPHONEOS_DEPLOYMENT_TARGET = 15.0;
				MTL_ENABLE_DEBUG_INFO = INCLUDE_SOURCE;
				MTL_FAST_MATH = YES;
				ONLY_ACTIVE_ARCH = YES;
				SDKROOT = iphoneos;
				SWIFT_ACTIVE_COMPILATION_CONDITIONS = DEBUG;
				SWIFT_OPTIMIZATION_LEVEL = "-Onone";
				VERSIONING_SYSTEM = "apple-generic";
				VERSION_INFO_PREFIX = "";
			};
			name = Debug;
		};
		33AE4CC627CD020B00B6F8CD /* Release */ = {
			isa = XCBuildConfiguration;
			buildSettings = {
				ALWAYS_SEARCH_USER_PATHS = NO;
				CLANG_ANALYZER_NONNULL = YES;
				CLANG_ANALYZER_NUMBER_OBJECT_CONVERSION = YES_AGGRESSIVE;
				CLANG_CXX_LANGUAGE_STANDARD = "gnu++17";
				CLANG_CXX_LIBRARY = "libc++";
				CLANG_ENABLE_MODULES = YES;
				CLANG_ENABLE_OBJC_ARC = YES;
				CLANG_ENABLE_OBJC_WEAK = YES;
				CLANG_WARN_BLOCK_CAPTURE_AUTORELEASING = YES;
				CLANG_WARN_BOOL_CONVERSION = YES;
				CLANG_WARN_COMMA = YES;
				CLANG_WARN_CONSTANT_CONVERSION = YES;
				CLANG_WARN_DEPRECATED_OBJC_IMPLEMENTATIONS = YES;
				CLANG_WARN_DIRECT_OBJC_ISA_USAGE = YES_ERROR;
				CLANG_WARN_DOCUMENTATION_COMMENTS = YES;
				CLANG_WARN_EMPTY_BODY = YES;
				CLANG_WARN_ENUM_CONVERSION = YES;
				CLANG_WARN_INFINITE_RECURSION = YES;
				CLANG_WARN_INT_CONVERSION = YES;
				CLANG_WARN_NON_LITERAL_NULL_CONVERSION = YES;
				CLANG_WARN_OBJC_IMPLICIT_RETAIN_SELF = YES;
				CLANG_WARN_OBJC_LITERAL_CONVERSION = YES;
				CLANG_WARN_OBJC_ROOT_CLASS = YES_ERROR;
				CLANG_WARN_QUOTED_INCLUDE_IN_FRAMEWORK_HEADER = YES;
				CLANG_WARN_RANGE_LOOP_ANALYSIS = YES;
				CLANG_WARN_STRICT_PROTOTYPES = YES;
				CLANG_WARN_SUSPICIOUS_MOVE = YES;
				CLANG_WARN_UNGUARDED_AVAILABILITY = YES_AGGRESSIVE;
				CLANG_WARN_UNREACHABLE_CODE = YES;
				CLANG_WARN__DUPLICATE_METHOD_MATCH = YES;
				COPY_PHASE_STRIP = NO;
				CURRENT_PROJECT_VERSION = 1;
				DEBUG_INFORMATION_FORMAT = "dwarf-with-dsym";
				ENABLE_NS_ASSERTIONS = NO;
				ENABLE_STRICT_OBJC_MSGSEND = YES;
				GCC_C_LANGUAGE_STANDARD = gnu11;
				GCC_NO_COMMON_BLOCKS = YES;
				GCC_WARN_64_TO_32_BIT_CONVERSION = YES;
				GCC_WARN_ABOUT_RETURN_TYPE = YES_ERROR;
				GCC_WARN_UNDECLARED_SELECTOR = YES;
				GCC_WARN_UNINITIALIZED_AUTOS = YES_AGGRESSIVE;
				GCC_WARN_UNUSED_FUNCTION = YES;
				GCC_WARN_UNUSED_VARIABLE = YES;
				IPHONEOS_DEPLOYMENT_TARGET = 15.0;
				MTL_ENABLE_DEBUG_INFO = NO;
				MTL_FAST_MATH = YES;
				SDKROOT = iphoneos;
				SWIFT_COMPILATION_MODE = wholemodule;
				SWIFT_OPTIMIZATION_LEVEL = "-O";
				VALIDATE_PRODUCT = YES;
				VERSIONING_SYSTEM = "apple-generic";
				VERSION_INFO_PREFIX = "";
			};
			name = Release;
		};
		33AE4CC827CD020B00B6F8CD /* Debug */ = {
			isa = XCBuildConfiguration;
			buildSettings = {
				CODE_SIGN_STYLE = Automatic;
				CURRENT_PROJECT_VERSION = 1;
				DEFINES_MODULE = YES;
				DEVELOPMENT_TEAM = ML5C6ZYMKV;
				DYLIB_COMPATIBILITY_VERSION = 1;
				DYLIB_CURRENT_VERSION = 1;
				DYLIB_INSTALL_NAME_BASE = "@rpath";
				GENERATE_INFOPLIST_FILE = YES;
				INFOPLIST_KEY_NSHumanReadableCopyright = "";
				INSTALL_PATH = "$(LOCAL_LIBRARY_DIR)/Frameworks";
				LD_RUNPATH_SEARCH_PATHS = (
					"$(inherited)",
					"@executable_path/Frameworks",
					"@loader_path/Frameworks",
				);
				MARKETING_VERSION = 1.0;
				PRODUCT_BUNDLE_IDENTIFIER = com.sky.BaseComponent;
				PRODUCT_NAME = "$(TARGET_NAME:c99extidentifier)";
				SKIP_INSTALL = YES;
				SWIFT_EMIT_LOC_STRINGS = YES;
				SWIFT_VERSION = 5.0;
				TARGETED_DEVICE_FAMILY = "1,2";
			};
			name = Debug;
		};
		33AE4CC927CD020B00B6F8CD /* Release */ = {
			isa = XCBuildConfiguration;
			buildSettings = {
				CODE_SIGN_STYLE = Automatic;
				CURRENT_PROJECT_VERSION = 1;
				DEFINES_MODULE = YES;
				DEVELOPMENT_TEAM = ML5C6ZYMKV;
				DYLIB_COMPATIBILITY_VERSION = 1;
				DYLIB_CURRENT_VERSION = 1;
				DYLIB_INSTALL_NAME_BASE = "@rpath";
				GENERATE_INFOPLIST_FILE = YES;
				INFOPLIST_KEY_NSHumanReadableCopyright = "";
				INSTALL_PATH = "$(LOCAL_LIBRARY_DIR)/Frameworks";
				LD_RUNPATH_SEARCH_PATHS = (
					"$(inherited)",
					"@executable_path/Frameworks",
					"@loader_path/Frameworks",
				);
				MARKETING_VERSION = 1.0;
				PRODUCT_BUNDLE_IDENTIFIER = com.sky.BaseComponent;
				PRODUCT_NAME = "$(TARGET_NAME:c99extidentifier)";
				SKIP_INSTALL = YES;
				SWIFT_EMIT_LOC_STRINGS = YES;
				SWIFT_VERSION = 5.0;
				TARGETED_DEVICE_FAMILY = "1,2";
			};
			name = Release;
		};
/* End XCBuildConfiguration section */

/* Begin XCConfigurationList section */
		33AE4CBA27CD020B00B6F8CD /* Build configuration list for PBXProject "BaseComponent" */ = {
			isa = XCConfigurationList;
			buildConfigurations = (
				33AE4CC527CD020B00B6F8CD /* Debug */,
				33AE4CC627CD020B00B6F8CD /* Release */,
			);
			defaultConfigurationIsVisible = 0;
			defaultConfigurationName = Release;
		};
		33AE4CC727CD020B00B6F8CD /* Build configuration list for PBXNativeTarget "BaseComponent" */ = {
			isa = XCConfigurationList;
			buildConfigurations = (
				33AE4CC827CD020B00B6F8CD /* Debug */,
				33AE4CC927CD020B00B6F8CD /* Release */,
			);
			defaultConfigurationIsVisible = 0;
			defaultConfigurationName = Release;
		};
/* End XCConfigurationList section */
	};
	rootObject = 33AE4CB727CD020B00B6F8CD /* Project object */;
}
